// !$*UTF8*$!
{
	archiveVersion = 1;
	classes = {
	};
	objectVersion = 50;
	objects = {

/* Begin PBXBuildFile section */
		04393A0C26915A4800819018 /* AppDelegate.swift in Sources */ = {isa = PBXBuildFile; fileRef = 04393A0B26915A4800819018 /* AppDelegate.swift */; };
		04393A0E26915A4800819018 /* SceneDelegate.swift in Sources */ = {isa = PBXBuildFile; fileRef = 04393A0D26915A4800819018 /* SceneDelegate.swift */; };
		04393A1026915A4800819018 /* ViewController.swift in Sources */ = {isa = PBXBuildFile; fileRef = 04393A0F26915A4800819018 /* ViewController.swift */; };
		04393A1326915A4800819018 /* Main.storyboard in Resources */ = {isa = PBXBuildFile; fileRef = 04393A1126915A4800819018 /* Main.storyboard */; };
		04393A1526915A4D00819018 /* Assets.xcassets in Resources */ = {isa = PBXBuildFile; fileRef = 04393A1426915A4D00819018 /* Assets.xcassets */; };
		04393A1826915A4D00819018 /* LaunchScreen.storyboard in Resources */ = {isa = PBXBuildFile; fileRef = 04393A1626915A4D00819018 /* LaunchScreen.storyboard */; };
		04393A2326915A4D00819018 /* fixsterTests.swift in Sources */ = {isa = PBXBuildFile; fileRef = 04393A2226915A4D00819018 /* fixsterTests.swift */; };
		04393A2E26915A4D00819018 /* fixsterUITests.swift in Sources */ = {isa = PBXBuildFile; fileRef = 04393A2D26915A4D00819018 /* fixsterUITests.swift */; };
/* End PBXBuildFile section */

/* Begin PBXContainerItemProxy section */
		04393A1F26915A4D00819018 /* PBXContainerItemProxy */ = {
			isa = PBXContainerItemProxy;
			containerPortal = 04393A0026915A4800819018 /* Project object */;
			proxyType = 1;
			remoteGlobalIDString = 04393A0726915A4800819018;
			remoteInfo = fixster;
		};
		04393A2A26915A4D00819018 /* PBXContainerItemProxy */ = {
			isa = PBXContainerItemProxy;
			containerPortal = 04393A0026915A4800819018 /* Project object */;
			proxyType = 1;
			remoteGlobalIDString = 04393A0726915A4800819018;
			remoteInfo = fixster;
		};
/* End PBXContainerItemProxy section */

/* Begin PBXFileReference section */
		04393A0826915A4800819018 /* fixster.app */ = {isa = PBXFileReference; explicitFileType = wrapper.application; includeInIndex = 0; path = fixster.app; sourceTree = BUILT_PRODUCTS_DIR; };
		04393A0B26915A4800819018 /* AppDelegate.swift */ = {isa = PBXFileReference; lastKnownFileType = sourcecode.swift; path = AppDelegate.swift; sourceTree = "<group>"; };
		04393A0D26915A4800819018 /* SceneDelegate.swift */ = {isa = PBXFileReference; lastKnownFileType = sourcecode.swift; path = SceneDelegate.swift; sourceTree = "<group>"; };
		04393A0F26915A4800819018 /* ViewController.swift */ = {isa = PBXFileReference; lastKnownFileType = sourcecode.swift; path = ViewController.swift; sourceTree = "<group>"; };
		04393A1226915A4800819018 /* Base */ = {isa = PBXFileReference; lastKnownFileType = file.storyboard; name = Base; path = Base.lproj/Main.storyboard; sourceTree = "<group>"; };
		04393A1426915A4D00819018 /* Assets.xcassets */ = {isa = PBXFileReference; lastKnownFileType = folder.assetcatalog; path = Assets.xcassets; sourceTree = "<group>"; };
		04393A1726915A4D00819018 /* Base */ = {isa = PBXFileReference; lastKnownFileType = file.storyboard; name = Base; path = Base.lproj/LaunchScreen.storyboard; sourceTree = "<group>"; };
		04393A1926915A4D00819018 /* Info.plist */ = {isa = PBXFileReference; lastKnownFileType = text.plist.xml; path = Info.plist; sourceTree = "<group>"; };
		04393A1E26915A4D00819018 /* fixsterTests.xctest */ = {isa = PBXFileReference; explicitFileType = wrapper.cfbundle; includeInIndex = 0; path = fixsterTests.xctest; sourceTree = BUILT_PRODUCTS_DIR; };
		04393A2226915A4D00819018 /* fixsterTests.swift */ = {isa = PBXFileReference; lastKnownFileType = sourcecode.swift; path = fixsterTests.swift; sourceTree = "<group>"; };
		04393A2426915A4D00819018 /* Info.plist */ = {isa = PBXFileReference; lastKnownFileType = text.plist.xml; path = Info.plist; sourceTree = "<group>"; };
		04393A2926915A4D00819018 /* fixsterUITests.xctest */ = {isa = PBXFileReference; explicitFileType = wrapper.cfbundle; includeInIndex = 0; path = fixsterUITests.xctest; sourceTree = BUILT_PRODUCTS_DIR; };
		04393A2D26915A4D00819018 /* fixsterUITests.swift */ = {isa = PBXFileReference; lastKnownFileType = sourcecode.swift; path = fixsterUITests.swift; sourceTree = "<group>"; };
		04393A2F26915A4D00819018 /* Info.plist */ = {isa = PBXFileReference; lastKnownFileType = text.plist.xml; path = Info.plist; sourceTree = "<group>"; };
/* End PBXFileReference section */

/* Begin PBXFrameworksBuildPhase section */
		04393A0526915A4800819018 /* Frameworks */ = {
			isa = PBXFrameworksBuildPhase;
			buildActionMask = 2147483647;
			files = (
			);
			runOnlyForDeploymentPostprocessing = 0;
		};
		04393A1B26915A4D00819018 /* Frameworks */ = {
			isa = PBXFrameworksBuildPhase;
			buildActionMask = 2147483647;
			files = (
			);
			runOnlyForDeploymentPostprocessing = 0;
		};
		04393A2626915A4D00819018 /* Frameworks */ = {
			isa = PBXFrameworksBuildPhase;
			buildActionMask = 2147483647;
			files = (
			);
			runOnlyForDeploymentPostprocessing = 0;
		};
/* End PBXFrameworksBuildPhase section */

/* Begin PBXGroup section */
		043939FF26915A4800819018 = {
			isa = PBXGroup;
			children = (
				04393A0A26915A4800819018 /* fixster */,
				04393A2126915A4D00819018 /* fixsterTests */,
				04393A2C26915A4D00819018 /* fixsterUITests */,
				04393A0926915A4800819018 /* Products */,
			);
			sourceTree = "<group>";
		};
		04393A0926915A4800819018 /* Products */ = {
			isa = PBXGroup;
			children = (
				04393A0826915A4800819018 /* fixster.app */,
				04393A1E26915A4D00819018 /* fixsterTests.xctest */,
				04393A2926915A4D00819018 /* fixsterUITests.xctest */,
			);
			name = Products;
			sourceTree = "<group>";
		};
		04393A0A26915A4800819018 /* fixster */ = {
			isa = PBXGroup;
			children = (
				04393A0B26915A4800819018 /* AppDelegate.swift */,
				04393A0D26915A4800819018 /* SceneDelegate.swift */,
				04393A0F26915A4800819018 /* ViewController.swift */,
				04393A1126915A4800819018 /* Main.storyboard */,
				04393A1426915A4D00819018 /* Assets.xcassets */,
				04393A1626915A4D00819018 /* LaunchScreen.storyboard */,
				04393A1926915A4D00819018 /* Info.plist */,
			);
			path = fixster;
			sourceTree = "<group>";
		};
		04393A2126915A4D00819018 /* fixsterTests */ = {
			isa = PBXGroup;
			children = (
				04393A2226915A4D00819018 /* fixsterTests.swift */,
				04393A2426915A4D00819018 /* Info.plist */,
			);
			path = fixsterTests;
			sourceTree = "<group>";
		};
		04393A2C26915A4D00819018 /* fixsterUITests */ = {
			isa = PBXGroup;
			children = (
				04393A2D26915A4D00819018 /* fixsterUITests.swift */,
				04393A2F26915A4D00819018 /* Info.plist */,
			);
			path = fixsterUITests;
			sourceTree = "<group>";
		};
/* End PBXGroup section */

/* Begin PBXNativeTarget section */
		04393A0726915A4800819018 /* fixster */ = {
			isa = PBXNativeTarget;
			buildConfigurationList = 04393A3226915A4D00819018 /* Build configuration list for PBXNativeTarget "fixster" */;
			buildPhases = (
				04393A0426915A4800819018 /* Sources */,
				04393A0526915A4800819018 /* Frameworks */,
				04393A0626915A4800819018 /* Resources */,
			);
			buildRules = (
			);
			dependencies = (
			);
			name = fixster;
			productName = fixster;
			productReference = 04393A0826915A4800819018 /* fixster.app */;
			productType = "com.apple.product-type.application";
		};
		04393A1D26915A4D00819018 /* fixsterTests */ = {
			isa = PBXNativeTarget;
			buildConfigurationList = 04393A3526915A4D00819018 /* Build configuration list for PBXNativeTarget "fixsterTests" */;
			buildPhases = (
				04393A1A26915A4D00819018 /* Sources */,
				04393A1B26915A4D00819018 /* Frameworks */,
				04393A1C26915A4D00819018 /* Resources */,
			);
			buildRules = (
			);
			dependencies = (
				04393A2026915A4D00819018 /* PBXTargetDependency */,
			);
			name = fixsterTests;
			productName = fixsterTests;
			productReference = 04393A1E26915A4D00819018 /* fixsterTests.xctest */;
			productType = "com.apple.product-type.bundle.unit-test";
		};
		04393A2826915A4D00819018 /* fixsterUITests */ = {
			isa = PBXNativeTarget;
			buildConfigurationList = 04393A3826915A4D00819018 /* Build configuration list for PBXNativeTarget "fixsterUITests" */;
			buildPhases = (
				04393A2526915A4D00819018 /* Sources */,
				04393A2626915A4D00819018 /* Frameworks */,
				04393A2726915A4D00819018 /* Resources */,
			);
			buildRules = (
			);
			dependencies = (
				04393A2B26915A4D00819018 /* PBXTargetDependency */,
			);
			name = fixsterUITests;
			productName = fixsterUITests;
			productReference = 04393A2926915A4D00819018 /* fixsterUITests.xctest */;
			productType = "com.apple.product-type.bundle.ui-testing";
		};
/* End PBXNativeTarget section */

/* Begin PBXProject section */
		04393A0026915A4800819018 /* Project object */ = {
			isa = PBXProject;
			attributes = {
				LastSwiftUpdateCheck = 1220;
				LastUpgradeCheck = 1220;
				TargetAttributes = {
					04393A0726915A4800819018 = {
						CreatedOnToolsVersion = 12.2;
					};
					04393A1D26915A4D00819018 = {
						CreatedOnToolsVersion = 12.2;
						TestTargetID = 04393A0726915A4800819018;
					};
					04393A2826915A4D00819018 = {
						CreatedOnToolsVersion = 12.2;
						TestTargetID = 04393A0726915A4800819018;
					};
				};
			};
			buildConfigurationList = 04393A0326915A4800819018 /* Build configuration list for PBXProject "fixster" */;
			compatibilityVersion = "Xcode 9.3";
			developmentRegion = en;
			hasScannedForEncodings = 0;
			knownRegions = (
				en,
				Base,
			);
			mainGroup = 043939FF26915A4800819018;
			productRefGroup = 04393A0926915A4800819018 /* Products */;
			projectDirPath = "";
			projectRoot = "";
			targets = (
				04393A0726915A4800819018 /* fixster */,
				04393A1D26915A4D00819018 /* fixsterTests */,
				04393A2826915A4D00819018 /* fixsterUITests */,
			);
		};
/* End PBXProject section */

/* Begin PBXResourcesBuildPhase section */
		04393A0626915A4800819018 /* Resources */ = {
			isa = PBXResourcesBuildPhase;
			buildActionMask = 2147483647;
			files = (
				04393A1826915A4D00819018 /* LaunchScreen.storyboard in Resources */,
				04393A1526915A4D00819018 /* Assets.xcassets in Resources */,
				04393A1326915A4800819018 /* Main.storyboard in Resources */,
			);
			runOnlyForDeploymentPostprocessing = 0;
		};
		04393A1C26915A4D00819018 /* Resources */ = {
			isa = PBXResourcesBuildPhase;
			buildActionMask = 2147483647;
			files = (
			);
			runOnlyForDeploymentPostprocessing = 0;
		};
		04393A2726915A4D00819018 /* Resources */ = {
			isa = PBXResourcesBuildPhase;
			buildActionMask = 2147483647;
			files = (
			);
			runOnlyForDeploymentPostprocessing = 0;
		};
/* End PBXResourcesBuildPhase section */

/* Begin PBXSourcesBuildPhase section */
		04393A0426915A4800819018 /* Sources */ = {
			isa = PBXSourcesBuildPhase;
			buildActionMask = 2147483647;
			files = (
				04393A1026915A4800819018 /* ViewController.swift in Sources */,
				04393A0C26915A4800819018 /* AppDelegate.swift in Sources */,
				04393A0E26915A4800819018 /* SceneDelegate.swift in Sources */,
			);
			runOnlyForDeploymentPostprocessing = 0;
		};
		04393A1A26915A4D00819018 /* Sources */ = {
			isa = PBXSourcesBuildPhase;
			buildActionMask = 2147483647;
			files = (
				04393A2326915A4D00819018 /* fixsterTests.swift in Sources */,
			);
			runOnlyForDeploymentPostprocessing = 0;
		};
		04393A2526915A4D00819018 /* Sources */ = {
			isa = PBXSourcesBuildPhase;
			buildActionMask = 2147483647;
			files = (
				04393A2E26915A4D00819018 /* fixsterUITests.swift in Sources */,
			);
			runOnlyForDeploymentPostprocessing = 0;
		};
/* End PBXSourcesBuildPhase section */

/* Begin PBXTargetDependency section */
		04393A2026915A4D00819018 /* PBXTargetDependency */ = {
			isa = PBXTargetDependency;
			target = 04393A0726915A4800819018 /* fixster */;
			targetProxy = 04393A1F26915A4D00819018 /* PBXContainerItemProxy */;
		};
		04393A2B26915A4D00819018 /* PBXTargetDependency */ = {
			isa = PBXTargetDependency;
			target = 04393A0726915A4800819018 /* fixster */;
			targetProxy = 04393A2A26915A4D00819018 /* PBXContainerItemProxy */;
		};
/* End PBXTargetDependency section */

/* Begin PBXVariantGroup section */
		04393A1126915A4800819018 /* Main.storyboard */ = {
			isa = PBXVariantGroup;
			children = (
				04393A1226915A4800819018 /* Base */,
			);
			name = Main.storyboard;
			sourceTree = "<group>";
		};
		04393A1626915A4D00819018 /* LaunchScreen.storyboard */ = {
			isa = PBXVariantGroup;
			children = (
				04393A1726915A4D00819018 /* Base */,
			);
			name = LaunchScreen.storyboard;
			sourceTree = "<group>";
		};
/* End PBXVariantGroup section */

/* Begin XCBuildConfiguration section */
		04393A3026915A4D00819018 /* Debug */ = {
			isa = XCBuildConfiguration;
			buildSettings = {
				ALWAYS_SEARCH_USER_PATHS = NO;
				CLANG_ANALYZER_NONNULL = YES;
				CLANG_ANALYZER_NUMBER_OBJECT_CONVERSION = YES_AGGRESSIVE;
				CLANG_CXX_LANGUAGE_STANDARD = "gnu++14";
				CLANG_CXX_LIBRARY = "libc++";
				CLANG_ENABLE_MODULES = YES;
				CLANG_ENABLE_OBJC_ARC = YES;
				CLANG_ENABLE_OBJC_WEAK = YES;
				CLANG_WARN_BLOCK_CAPTURE_AUTORELEASING = YES;
				CLANG_WARN_BOOL_CONVERSION = YES;
				CLANG_WARN_COMMA = YES;
				CLANG_WARN_CONSTANT_CONVERSION = YES;
				CLANG_WARN_DEPRECATED_OBJC_IMPLEMENTATIONS = YES;
				CLANG_WARN_DIRECT_OBJC_ISA_USAGE = YES_ERROR;
				CLANG_WARN_DOCUMENTATION_COMMENTS = YES;
				CLANG_WARN_EMPTY_BODY = YES;
				CLANG_WARN_ENUM_CONVERSION = YES;
				CLANG_WARN_INFINITE_RECURSION = YES;
				CLANG_WARN_INT_CONVERSION = YES;
				CLANG_WARN_NON_LITERAL_NULL_CONVERSION = YES;
				CLANG_WARN_OBJC_IMPLICIT_RETAIN_SELF = YES;
				CLANG_WARN_OBJC_LITERAL_CONVERSION = YES;
				CLANG_WARN_OBJC_ROOT_CLASS = YES_ERROR;
				CLANG_WARN_QUOTED_INCLUDE_IN_FRAMEWORK_HEADER = YES;
				CLANG_WARN_RANGE_LOOP_ANALYSIS = YES;
				CLANG_WARN_STRICT_PROTOTYPES = YES;
				CLANG_WARN_SUSPICIOUS_MOVE = YES;
				CLANG_WARN_UNGUARDED_AVAILABILITY = YES_AGGRESSIVE;
				CLANG_WARN_UNREACHABLE_CODE = YES;
				CLANG_WARN__DUPLICATE_METHOD_MATCH = YES;
				COPY_PHASE_STRIP = NO;
				DEBUG_INFORMATION_FORMAT = dwarf;
				ENABLE_STRICT_OBJC_MSGSEND = YES;
				ENABLE_TESTABILITY = YES;
				GCC_C_LANGUAGE_STANDARD = gnu11;
				GCC_DYNAMIC_NO_PIC = NO;
				GCC_NO_COMMON_BLOCKS = YES;
				GCC_OPTIMIZATION_LEVEL = 0;
				GCC_PREPROCESSOR_DEFINITIONS = (
					"DEBUG=1",
					"$(inherited)",
				);
				GCC_WARN_64_TO_32_BIT_CONVERSION = YES;
				GCC_WARN_ABOUT_RETURN_TYPE = YES_ERROR;
				GCC_WARN_UNDECLARED_SELECTOR = YES;
				GCC_WARN_UNINITIALIZED_AUTOS = YES_AGGRESSIVE;
				GCC_WARN_UNUSED_FUNCTION = YES;
				GCC_WARN_UNUSED_VARIABLE = YES;
				IPHONEOS_DEPLOYMENT_TARGET = 14.2;
				MTL_ENABLE_DEBUG_INFO = INCLUDE_SOURCE;
				MTL_FAST_MATH = YES;
				ONLY_ACTIVE_ARCH = YES;
				SDKROOT = iphoneos;
				SWIFT_ACTIVE_COMPILATION_CONDITIONS = DEBUG;
				SWIFT_OPTIMIZATION_LEVEL = "-Onone";
			};
			name = Debug;
		};
		04393A3126915A4D00819018 /* Release */ = {
			isa = XCBuildConfiguration;
			buildSettings = {
				ALWAYS_SEARCH_USER_PATHS = NO;
				CLANG_ANALYZER_NONNULL = YES;
				CLANG_ANALYZER_NUMBER_OBJECT_CONVERSION = YES_AGGRESSIVE;
				CLANG_CXX_LANGUAGE_STANDARD = "gnu++14";
				CLANG_CXX_LIBRARY = "libc++";
				CLANG_ENABLE_MODULES = YES;
				CLANG_ENABLE_OBJC_ARC = YES;
				CLANG_ENABLE_OBJC_WEAK = YES;
				CLANG_WARN_BLOCK_CAPTURE_AUTORELEASING = YES;
				CLANG_WARN_BOOL_CONVERSION = YES;
				CLANG_WARN_COMMA = YES;
				CLANG_WARN_CONSTANT_CONVERSION = YES;
				CLANG_WARN_DEPRECATED_OBJC_IMPLEMENTATIONS = YES;
				CLANG_WARN_DIRECT_OBJC_ISA_USAGE = YES_ERROR;
				CLANG_WARN_DOCUMENTATION_COMMENTS = YES;
				CLANG_WARN_EMPTY_BODY = YES;
				CLANG_WARN_ENUM_CONVERSION = YES;
				CLANG_WARN_INFINITE_RECURSION = YES;
				CLANG_WARN_INT_CONVERSION = YES;
				CLANG_WARN_NON_LITERAL_NULL_CONVERSION = YES;
				CLANG_WARN_OBJC_IMPLICIT_RETAIN_SELF = YES;
				CLANG_WARN_OBJC_LITERAL_CONVERSION = YES;
				CLANG_WARN_OBJC_ROOT_CLASS = YES_ERROR;
				CLANG_WARN_QUOTED_INCLUDE_IN_FRAMEWORK_HEADER = YES;
				CLANG_WARN_RANGE_LOOP_ANALYSIS = YES;
				CLANG_WARN_STRICT_PROTOTYPES = YES;
				CLANG_WARN_SUSPICIOUS_MOVE = YES;
				CLANG_WARN_UNGUARDED_AVAILABILITY = YES_AGGRESSIVE;
				CLANG_WARN_UNREACHABLE_CODE = YES;
				CLANG_WARN__DUPLICATE_METHOD_MATCH = YES;
				COPY_PHASE_STRIP = NO;
				DEBUG_INFORMATION_FORMAT = "dwarf-with-dsym";
				ENABLE_NS_ASSERTIONS = NO;
				ENABLE_STRICT_OBJC_MSGSEND = YES;
				GCC_C_LANGUAGE_STANDARD = gnu11;
				GCC_NO_COMMON_BLOCKS = YES;
				GCC_WARN_64_TO_32_BIT_CONVERSION = YES;
				GCC_WARN_ABOUT_RETURN_TYPE = YES_ERROR;
				GCC_WARN_UNDECLARED_SELECTOR = YES;
				GCC_WARN_UNINITIALIZED_AUTOS = YES_AGGRESSIVE;
				GCC_WARN_UNUSED_FUNCTION = YES;
				GCC_WARN_UNUSED_VARIABLE = YES;
				IPHONEOS_DEPLOYMENT_TARGET = 14.2;
				MTL_ENABLE_DEBUG_INFO = NO;
				MTL_FAST_MATH = YES;
				SDKROOT = iphoneos;
				SWIFT_COMPILATION_MODE = wholemodule;
				SWIFT_OPTIMIZATION_LEVEL = "-O";
				VALIDATE_PRODUCT = YES;
			};
			name = Release;
		};
		04393A3326915A4D00819018 /* Debug */ = {
			isa = XCBuildConfiguration;
			buildSettings = {
				ASSETCATALOG_COMPILER_APPICON_NAME = AppIcon;
				ASSETCATALOG_COMPILER_GLOBAL_ACCENT_COLOR_NAME = AccentColor;
				CODE_SIGN_STYLE = Automatic;
				DEVELOPMENT_TEAM = 475B5HHBGZ;
				INFOPLIST_FILE = fixster/Info.plist;
				LD_RUNPATH_SEARCH_PATHS = (
					"$(inherited)",
					"@executable_path/Frameworks",
				);
				PRODUCT_BUNDLE_IDENTIFIER = codepath.fixster;
				PRODUCT_NAME = "$(TARGET_NAME)";
				SWIFT_VERSION = 5.0;
				TARGETED_DEVICE_FAMILY = "1,2";
			};
			name = Debug;
		};
		04393A3426915A4D00819018 /* Release */ = {
			isa = XCBuildConfiguration;
			buildSettings = {
				ASSETCATALOG_COMPILER_APPICON_NAME = AppIcon;
				ASSETCATALOG_COMPILER_GLOBAL_ACCENT_COLOR_NAME = AccentColor;
				CODE_SIGN_STYLE = Automatic;
				DEVELOPMENT_TEAM = 475B5HHBGZ;
				INFOPLIST_FILE = fixster/Info.plist;
				LD_RUNPATH_SEARCH_PATHS = (
					"$(inherited)",
					"@executable_path/Frameworks",
				);
				PRODUCT_BUNDLE_IDENTIFIER = codepath.fixster;
				PRODUCT_NAME = "$(TARGET_NAME)";
				SWIFT_VERSION = 5.0;
				TARGETED_DEVICE_FAMILY = "1,2";
			};
			name = Release;
		};
		04393A3626915A4D00819018 /* Debug */ = {
			isa = XCBuildConfiguration;
			buildSettings = {
				ALWAYS_EMBED_SWIFT_STANDARD_LIBRARIES = YES;
				BUNDLE_LOADER = "$(TEST_HOST)";
				CODE_SIGN_STYLE = Automatic;
				DEVELOPMENT_TEAM = 475B5HHBGZ;
				INFOPLIST_FILE = fixsterTests/Info.plist;
				IPHONEOS_DEPLOYMENT_TARGET = 14.2;
				LD_RUNPATH_SEARCH_PATHS = (
					"$(inherited)",
					"@executable_path/Frameworks",
					"@loader_path/Frameworks",
				);
				PRODUCT_BUNDLE_IDENTIFIER = codepath.fixsterTests;
				PRODUCT_NAME = "$(TARGET_NAME)";
				SWIFT_VERSION = 5.0;
				TARGETED_DEVICE_FAMILY = "1,2";
				TEST_HOST = "$(BUILT_PRODUCTS_DIR)/fixster.app/fixster";
			};
			name = Debug;
		};
		04393A3726915A4D00819018 /* Release */ = {
			isa = XCBuildConfiguration;
			buildSettings = {
				ALWAYS_EMBED_SWIFT_STANDARD_LIBRARIES = YES;
				BUNDLE_LOADER = "$(TEST_HOST)";
				CODE_SIGN_STYLE = Automatic;
				DEVELOPMENT_TEAM = 475B5HHBGZ;
				INFOPLIST_FILE = fixsterTests/Info.plist;
				IPHONEOS_DEPLOYMENT_TARGET = 14.2;
				LD_RUNPATH_SEARCH_PATHS = (
					"$(inherited)",
					"@executable_path/Frameworks",
					"@loader_path/Frameworks",
				);
				PRODUCT_BUNDLE_IDENTIFIER = codepath.fixsterTests;
				PRODUCT_NAME = "$(TARGET_NAME)";
				SWIFT_VERSION = 5.0;
				TARGETED_DEVICE_FAMILY = "1,2";
				TEST_HOST = "$(BUILT_PRODUCTS_DIR)/fixster.app/fixster";
			};
			name = Release;
		};
		04393A3926915A4D00819018 /* Debug */ = {
			isa = XCBuildConfiguration;
			buildSettings = {
				ALWAYS_EMBED_SWIFT_STANDARD_LIBRARIES = YES;
				CODE_SIGN_STYLE = Automatic;
				DEVELOPMENT_TEAM = 475B5HHBGZ;
				INFOPLIST_FILE = fixsterUITests/Info.plist;
				LD_RUNPATH_SEARCH_PATHS = (
					"$(inherited)",
					"@executable_path/Frameworks",
					"@loader_path/Frameworks",
				);
				PRODUCT_BUNDLE_IDENTIFIER = codepath.fixsterUITests;
				PRODUCT_NAME = "$(TARGET_NAME)";
				SWIFT_VERSION = 5.0;
				TARGETED_DEVICE_FAMILY = "1,2";
				TEST_TARGET_NAME = fixster;
			};
			name = Debug;
		};
		04393A3A26915A4D00819018 /* Release */ = {
			isa = XCBuildConfiguration;
			buildSettings = {
				ALWAYS_EMBED_SWIFT_STANDARD_LIBRARIES = YES;
				CODE_SIGN_STYLE = Automatic;
				DEVELOPMENT_TEAM = 475B5HHBGZ;
				INFOPLIST_FILE = fixsterUITests/Info.plist;
				LD_RUNPATH_SEARCH_PATHS = (
					"$(inherited)",
					"@executable_path/Frameworks",
					"@loader_path/Frameworks",
				);
				PRODUCT_BUNDLE_IDENTIFIER = codepath.fixsterUITests;
				PRODUCT_NAME = "$(TARGET_NAME)";
				SWIFT_VERSION = 5.0;
				TARGETED_DEVICE_FAMILY = "1,2";
				TEST_TARGET_NAME = fixster;
			};
			name = Release;
		};
/* End XCBuildConfiguration section */

/* Begin XCConfigurationList section */
		04393A0326915A4800819018 /* Build configuration list for PBXProject "fixster" */ = {
			isa = XCConfigurationList;
			buildConfigurations = (
				04393A3026915A4D00819018 /* Debug */,
				04393A3126915A4D00819018 /* Release */,
			);
			defaultConfigurationIsVisible = 0;
			defaultConfigurationName = Release;
		};
		04393A3226915A4D00819018 /* Build configuration list for PBXNativeTarget "fixster" */ = {
			isa = XCConfigurationList;
			buildConfigurations = (
				04393A3326915A4D00819018 /* Debug */,
				04393A3426915A4D00819018 /* Release */,
			);
			defaultConfigurationIsVisible = 0;
			defaultConfigurationName = Release;
		};
		04393A3526915A4D00819018 /* Build configuration list for PBXNativeTarget "fixsterTests" */ = {
			isa = XCConfigurationList;
			buildConfigurations = (
				04393A3626915A4D00819018 /* Debug */,
				04393A3726915A4D00819018 /* Release */,
			);
			defaultConfigurationIsVisible = 0;
			defaultConfigurationName = Release;
		};
		04393A3826915A4D00819018 /* Build configuration list for PBXNativeTarget "fixsterUITests" */ = {
			isa = XCConfigurationList;
			buildConfigurations = (
				04393A3926915A4D00819018 /* Debug */,
				04393A3A26915A4D00819018 /* Release */,
			);
			defaultConfigurationIsVisible = 0;
			defaultConfigurationName = Release;
		};
/* End XCConfigurationList section */
	};
	rootObject = 04393A0026915A4800819018 /* Project object */;
}
